
Microsoft Visual Studio Solution File, Format Version 12.00
# Visual Studio Version 16
VisualStudioVersion = 16.0.30907.101
MinimumVisualStudioVersion = 10.0.40219.1
Project("{FAE04EC0-301F-11D3-BF4B-00C04F79EFBC}") = "PracticaClase2-2", "PracticaClase2-2\PracticaClase2-2.csproj", "{4FA2F768-7FD5-4DB8-813A-163DF1274B1C}"
EndProject
Global
	GlobalSection(SolutionConfigurationPlatforms) = preSolution
		Debug|Any CPU = Debug|Any CPU
		Release|Any CPU = Release|Any CPU
	EndGlobalSection
	GlobalSection(ProjectConfigurationPlatforms) = postSolution
		{4FA2F768-7FD5-4DB8-813A-163DF1274B1C}.Debug|Any CPU.ActiveCfg = Debug|Any CPU
		{4FA2F768-7FD5-4DB8-813A-163DF1274B1C}.Debug|Any CPU.Build.0 = Debug|Any CPU
		{4FA2F768-7FD5-4DB8-813A-163DF1274B1C}.Release|Any CPU.ActiveCfg = Release|Any CPU
		{4FA2F768-7FD5-4DB8-813A-163DF1274B1C}.Release|Any CPU.Build.0 = Release|Any CPU
	EndGlobalSection
	GlobalSection(SolutionProperties) = preSolution
		HideSolutionNode = FALSE
	EndGlobalSection
	GlobalSection(ExtensibilityGlobals) = postSolution
		SolutionGuid = {1D13BF6B-B166-46AC-B668-AC1DC13DC564}
	EndGlobalSection
EndGlobal
